
Microsoft Visual Studio Solution File, Format Version 12.00
# Visual Studio Version 16
VisualStudioVersion = 16.0.30011.22
MinimumVisualStudioVersion = 10.0.40219.1
Project("{9A19103F-16F7-4668-BE54-9A1E7A4F7556}") = "FlightControlWeb", "FlightControlWeb\FlightControlWeb.csproj", "{4815DB64-869B-47D4-A6CE-E0643B025390}"
EndProject
Project("{FAE04EC0-301F-11D3-BF4B-00C04F79EFBC}") = "FlightControlUnitTests", "FlightControlUnitTests\FlightControlUnitTests.csproj", "{9DC404F3-73FE-4874-8F6A-3AF6C12756C6}"
EndProject
Global
	GlobalSection(SolutionConfigurationPlatforms) = preSolution
		Debug|Any CPU = Debug|Any CPU
		Release|Any CPU = Release|Any CPU
	EndGlobalSection
	GlobalSection(ProjectConfigurationPlatforms) = postSolution
		{4815DB64-869B-47D4-A6CE-E0643B025390}.Debug|Any CPU.ActiveCfg = Debug|Any CPU
		{4815DB64-869B-47D4-A6CE-E0643B025390}.Debug|Any CPU.Build.0 = Debug|Any CPU
		{4815DB64-869B-47D4-A6CE-E0643B025390}.Release|Any CPU.ActiveCfg = Release|Any CPU
		{4815DB64-869B-47D4-A6CE-E0643B025390}.Release|Any CPU.Build.0 = Release|Any CPU
		{9DC404F3-73FE-4874-8F6A-3AF6C12756C6}.Debug|Any CPU.ActiveCfg = Debug|Any CPU
		{9DC404F3-73FE-4874-8F6A-3AF6C12756C6}.Debug|Any CPU.Build.0 = Debug|Any CPU
		{9DC404F3-73FE-4874-8F6A-3AF6C12756C6}.Release|Any CPU.ActiveCfg = Release|Any CPU
		{9DC404F3-73FE-4874-8F6A-3AF6C12756C6}.Release|Any CPU.Build.0 = Release|Any CPU
	EndGlobalSection
	GlobalSection(SolutionProperties) = preSolution
		HideSolutionNode = FALSE
	EndGlobalSection
	GlobalSection(ExtensibilityGlobals) = postSolution
		SolutionGuid = {3020C8F6-1202-4AC3-A556-226844EE7E89}
	EndGlobalSection
EndGlobal
