
Microsoft Visual Studio Solution File, Format Version 12.00
# Visual Studio Version 16
VisualStudioVersion = 16.0.29911.84
MinimumVisualStudioVersion = 10.0.40219.1
Project("{FAE04EC0-301F-11D3-BF4B-00C04F79EFBC}") = "FlightControlWeb", "FlightControlWeb\FlightControlWeb.csproj", "{6DEE0C2F-6B85-45A5-92E2-E8CD7E5E8BD0}"
EndProject
Global
	GlobalSection(SolutionConfigurationPlatforms) = preSolution
		Debug|Any CPU = Debug|Any CPU
		Release|Any CPU = Release|Any CPU
	EndGlobalSection
	GlobalSection(ProjectConfigurationPlatforms) = postSolution
		{6DEE0C2F-6B85-45A5-92E2-E8CD7E5E8BD0}.Debug|Any CPU.ActiveCfg = Debug|Any CPU
		{6DEE0C2F-6B85-45A5-92E2-E8CD7E5E8BD0}.Debug|Any CPU.Build.0 = Debug|Any CPU
		{6DEE0C2F-6B85-45A5-92E2-E8CD7E5E8BD0}.Release|Any CPU.ActiveCfg = Release|Any CPU
		{6DEE0C2F-6B85-45A5-92E2-E8CD7E5E8BD0}.Release|Any CPU.Build.0 = Release|Any CPU
	EndGlobalSection
	GlobalSection(SolutionProperties) = preSolution
		HideSolutionNode = FALSE
	EndGlobalSection
	GlobalSection(ExtensibilityGlobals) = postSolution
		SolutionGuid = {C9C01A65-E2DD-4E1B-8183-925A97DB685D}
	EndGlobalSection
EndGlobal
